{
  "version": 4,
  "terraform_version": "1.12.2",
  "serial": 91,
  "lineage": "268e7481-0e51-1356-e6fb-0a325981fd09",
  "outputs": {},
  "resources": [
    {
      "mode": "data",
      "type": "aws_ami",
      "name": "ubuntu",
      "provider": "provider[\"registry.terraform.io/hashicorp/aws\"]",
      "instances": [
        {
          "schema_version": 0,
          "attributes": {
            "architecture": "x86_64",
            "arn": "arn:aws:ec2:eu-central-1::image/ami-0dc33c9c954b3f073",
            "block_device_mappings": [
              {
                "device_name": "/dev/sda1",
                "ebs": {
                  "delete_on_termination": "true",
                  "encrypted": "false",
                  "iops": "0",
                  "snapshot_id": "snap-0205305fdf99bc495",
                  "throughput": "0",
                  "volume_initialization_rate": "0",
                  "volume_size": "8",
                  "volume_type": "gp2"
                },
                "no_device": "",
                "virtual_name": ""
              },
              {
                "device_name": "/dev/sdb",
                "ebs": {},
                "no_device": "",
                "virtual_name": "ephemeral0"
              },
              {
                "device_name": "/dev/sdc",
                "ebs": {},
                "no_device": "",
                "virtual_name": "ephemeral1"
              }
            ],
            "boot_mode": "uefi-preferred",
            "creation_date": "2025-07-12T06:56:55.000Z",
            "deprecation_time": "2027-07-12T06:56:55.000Z",
            "description": "Canonical, Ubuntu, 22.04, amd64 jammy image",
            "ena_support": true,
            "executable_users": null,
            "filter": [
              {
                "name": "name",
                "values": [
                  "ubuntu/images/hvm-ssd/ubuntu-jammy-22.04-amd64-server-*"
                ]
              },
              {
                "name": "virtualization-type",
                "values": [
                  "hvm"
                ]
              }
            ],
            "hypervisor": "xen",
            "id": "ami-0dc33c9c954b3f073",
            "image_id": "ami-0dc33c9c954b3f073",
            "image_location": "amazon/ubuntu/images/hvm-ssd/ubuntu-jammy-22.04-amd64-server-20250712",
            "image_owner_alias": "amazon",
            "image_type": "machine",
            "imds_support": "",
            "include_deprecated": false,
            "kernel_id": "",
            "last_launched_time": "",
            "most_recent": true,
            "name": "ubuntu/images/hvm-ssd/ubuntu-jammy-22.04-amd64-server-20250712",
            "name_regex": null,
            "owner_id": "099720109477",
            "owners": [
              "099720109477"
            ],
            "platform": "",
            "platform_details": "Linux/UNIX",
            "product_codes": [],
            "public": true,
            "ramdisk_id": "",
            "root_device_name": "/dev/sda1",
            "root_device_type": "ebs",
            "root_snapshot_id": "snap-0205305fdf99bc495",
            "sriov_net_support": "simple",
            "state": "available",
            "state_reason": {
              "code": "UNSET",
              "message": "UNSET"
            },
            "tags": {},
            "timeouts": null,
            "tpm_support": "",
            "uefi_data": null,
            "usage_operation": "RunInstances",
            "virtualization_type": "hvm"
          },
          "sensitive_attributes": [],
          "identity_schema_version": 0
        }
      ]
    },
    {
      "mode": "managed",
      "type": "aws_instance",
      "name": "my_test_instance",
      "provider": "provider[\"registry.terraform.io/hashicorp/aws\"]",
      "instances": [
        {
          "schema_version": 1,
          "attributes": {
            "ami": "ami-0dc33c9c954b3f073",
            "arn": "arn:aws:ec2:eu-central-1:533267032404:instance/i-0f167a3d6814355f6",
            "associate_public_ip_address": true,
            "availability_zone": "eu-central-1c",
            "capacity_reservation_specification": [
              {
                "capacity_reservation_preference": "open",
                "capacity_reservation_target": []
              }
            ],
            "cpu_core_count": 1,
            "cpu_options": [
              {
                "amd_sev_snp": "",
                "core_count": 1,
                "threads_per_core": 1
              }
            ],
            "cpu_threads_per_core": 1,
            "credit_specification": [
              {
                "cpu_credits": "standard"
              }
            ],
            "disable_api_stop": false,
            "disable_api_termination": false,
            "ebs_block_device": [],
            "ebs_optimized": false,
            "enable_primary_ipv6": null,
            "enclave_options": [
              {
                "enabled": false
              }
            ],
            "ephemeral_block_device": [],
            "get_password_data": false,
            "hibernation": false,
            "host_id": "",
            "host_resource_group_arn": null,
            "iam_instance_profile": "",
            "id": "i-0f167a3d6814355f6",
            "instance_initiated_shutdown_behavior": "stop",
            "instance_lifecycle": "",
            "instance_market_options": [],
            "instance_state": "running",
            "instance_type": "t2.micro",
            "ipv6_address_count": 0,
            "ipv6_addresses": [],
            "key_name": "my-ec2-key",
            "launch_template": [],
            "maintenance_options": [
              {
                "auto_recovery": "default"
              }
            ],
            "metadata_options": [
              {
                "http_endpoint": "enabled",
                "http_protocol_ipv6": "disabled",
                "http_put_response_hop_limit": 1,
                "http_tokens": "optional",
                "instance_metadata_tags": "disabled"
              }
            ],
            "monitoring": false,
            "network_interface": [],
            "outpost_arn": "",
            "password_data": "",
            "placement_group": "",
            "placement_partition_number": 0,
            "primary_network_interface_id": "eni-05374330b698d18a2",
            "private_dns": "ip-10-0-1-242.eu-central-1.compute.internal",
            "private_dns_name_options": [
              {
                "enable_resource_name_dns_a_record": false,
                "enable_resource_name_dns_aaaa_record": false,
                "hostname_type": "ip-name"
              }
            ],
            "private_ip": "10.0.1.242",
            "public_dns": "",
            "public_ip": "3.66.226.75",
            "root_block_device": [
              {
                "delete_on_termination": true,
                "device_name": "/dev/sda1",
                "encrypted": false,
                "iops": 100,
                "kms_key_id": "",
                "tags": {},
                "tags_all": {},
                "throughput": 0,
                "volume_id": "vol-0318e15e9b15bc66d",
                "volume_size": 8,
                "volume_type": "gp2"
              }
            ],
            "secondary_private_ips": [],
            "security_groups": [],
            "source_dest_check": true,
            "spot_instance_request_id": "",
            "subnet_id": "subnet-0cdd8833951fb30af",
            "tags": {
              "Name": "My Ubuntu Instance"
            },
            "tags_all": {
              "Name": "My Ubuntu Instance"
            },
            "tenancy": "default",
            "timeouts": null,
            "user_data": "f059e5712a28bc4c8037ad6c1f4624badd674aae",
            "user_data_base64": null,
            "user_data_replace_on_change": false,
            "volume_tags": null,
            "vpc_security_group_ids": [
              "sg-058b1277c462d9e74"
            ]
          },
          "sensitive_attributes": [],
          "identity_schema_version": 0,
          "private": "eyJlMmJmYjczMC1lY2FhLTExZTYtOGY4OC0zNDM2M2JjN2M0YzAiOnsiY3JlYXRlIjo2MDAwMDAwMDAwMDAsImRlbGV0ZSI6MTIwMDAwMDAwMDAwMCwicmVhZCI6OTAwMDAwMDAwMDAwLCJ1cGRhdGUiOjYwMDAwMDAwMDAwMH0sInNjaGVtYV92ZXJzaW9uIjoiMSJ9",
          "dependencies": [
            "aws_key_pair.my_key_pair",
            "aws_security_group.allow_traffic",
            "aws_subnet.public",
            "aws_vpc.main",
            "data.aws_ami.ubuntu",
            "tls_private_key.my_key"
          ]
        }
      ]
    },
    {
      "mode": "managed",
      "type": "aws_internet_gateway",
      "name": "gw",
      "provider": "provider[\"registry.terraform.io/hashicorp/aws\"]",
      "instances": [
        {
          "schema_version": 0,
          "attributes": {
            "arn": "arn:aws:ec2:eu-central-1:533267032404:internet-gateway/igw-0bac6b92e6b14535c",
            "id": "igw-0bac6b92e6b14535c",
            "owner_id": "533267032404",
            "tags": {
              "Name": "main-igw"
            },
            "tags_all": {
              "Name": "main-igw"
            },
            "timeouts": null,
            "vpc_id": "vpc-068a3a570188cf3ff"
          },
          "sensitive_attributes": [],
          "identity_schema_version": 0,
          "private": "eyJlMmJmYjczMC1lY2FhLTExZTYtOGY4OC0zNDM2M2JjN2M0YzAiOnsiY3JlYXRlIjoxMjAwMDAwMDAwMDAwLCJkZWxldGUiOjEyMDAwMDAwMDAwMDAsInVwZGF0ZSI6MTIwMDAwMDAwMDAwMH19",
          "dependencies": [
            "aws_vpc.main"
          ]
        }
      ]
    },
    {
      "mode": "managed",
      "type": "aws_key_pair",
      "name": "my_key_pair",
      "provider": "provider[\"registry.terraform.io/hashicorp/aws\"]",
      "instances": [
        {
          "schema_version": 1,
          "attributes": {
            "arn": "arn:aws:ec2:eu-central-1:533267032404:key-pair/my-ec2-key",
            "fingerprint": "4b:b2:39:41:1c:e0:cc:b4:e0:b6:6d:3e:39:e1:2a:6d",
            "id": "my-ec2-key",
            "key_name": "my-ec2-key",
            "key_name_prefix": "",
            "key_pair_id": "key-069d87e96beab5905",
            "key_type": "rsa",
            "public_key": "ssh-rsa AAAAB3NzaC1yc2EAAAADAQABAAABAQCvIuS1o9kYTzAejInp1VTJaMhH923RSgj5yL5NxQpgMBK7Yzgobj3bTsYjFCjeN0Js9KC4eRqPaSpN3eLjnNb0LViR7WFlpUEXynwpBpzcDOQC2BSw/SjhrBCqSQTuxqWXW+smexiZHaA1Yemnvg8jv+/1e32CJTAqkiuFFzqPWf8H9ZzhhCs/j0PSc2sslfyFHbK72fVGiBuNseKM1wRAyyKuELwU04t4li5SUmLqYw2IJpAiPBY9MrAY+uNKKbh/hlZYSJLhj1zANjst5Nthm5Viui/xAn9E9pGxc15AETGIQYf8FVUfEhXMkKPrW0zWVg34k20IBFUQ/gnBpJEt",
            "tags": null,
            "tags_all": {}
          },
          "sensitive_attributes": [],
          "identity_schema_version": 0,
          "private": "eyJzY2hlbWFfdmVyc2lvbiI6IjEifQ==",
          "dependencies": [
            "tls_private_key.my_key"
          ]
        }
      ]
    },
    {
      "mode": "managed",
      "type": "aws_route_table",
      "name": "public",
      "provider": "provider[\"registry.terraform.io/hashicorp/aws\"]",
      "instances": [
        {
          "schema_version": 0,
          "attributes": {
            "arn": "arn:aws:ec2:eu-central-1:533267032404:route-table/rtb-0d6f9152da762ce86",
            "id": "rtb-0d6f9152da762ce86",
            "owner_id": "533267032404",
            "propagating_vgws": [],
            "route": [
              {
                "carrier_gateway_id": "",
                "cidr_block": "0.0.0.0/0",
                "core_network_arn": "",
                "destination_prefix_list_id": "",
                "egress_only_gateway_id": "",
                "gateway_id": "igw-0bac6b92e6b14535c",
                "ipv6_cidr_block": "",
                "local_gateway_id": "",
                "nat_gateway_id": "",
                "network_interface_id": "",
                "transit_gateway_id": "",
                "vpc_endpoint_id": "",
                "vpc_peering_connection_id": ""
              }
            ],
            "tags": {
              "Name": "public-route-table"
            },
            "tags_all": {
              "Name": "public-route-table"
            },
            "timeouts": null,
            "vpc_id": "vpc-068a3a570188cf3ff"
          },
          "sensitive_attributes": [],
          "identity_schema_version": 0,
          "private": "eyJlMmJmYjczMC1lY2FhLTExZTYtOGY4OC0zNDM2M2JjN2M0YzAiOnsiY3JlYXRlIjozMDAwMDAwMDAwMDAsImRlbGV0ZSI6MzAwMDAwMDAwMDAwLCJ1cGRhdGUiOjEyMDAwMDAwMDAwMH19",
          "dependencies": [
            "aws_internet_gateway.gw",
            "aws_vpc.main"
          ]
        }
      ]
    },
    {
      "mode": "managed",
      "type": "aws_route_table_association",
      "name": "public",
      "provider": "provider[\"registry.terraform.io/hashicorp/aws\"]",
      "instances": [
        {
          "schema_version": 0,
          "attributes": {
            "gateway_id": "",
            "id": "rtbassoc-0b409b955a567eed5",
            "route_table_id": "rtb-0d6f9152da762ce86",
            "subnet_id": "subnet-0cdd8833951fb30af",
            "timeouts": null
          },
          "sensitive_attributes": [],
          "identity_schema_version": 0,
          "private": "eyJlMmJmYjczMC1lY2FhLTExZTYtOGY4OC0zNDM2M2JjN2M0YzAiOnsiY3JlYXRlIjozMDAwMDAwMDAwMDAsImRlbGV0ZSI6MzAwMDAwMDAwMDAwLCJ1cGRhdGUiOjEyMDAwMDAwMDAwMH19",
          "dependencies": [
            "aws_internet_gateway.gw",
            "aws_route_table.public",
            "aws_subnet.public",
            "aws_vpc.main"
          ]
        }
      ]
    },
    {
      "mode": "managed",
      "type": "aws_s3_bucket",
      "name": "my_test_bucket",
      "provider": "provider[\"registry.terraform.io/hashicorp/aws\"]",
      "instances": [
        {
          "schema_version": 0,
          "attributes": {
            "acceleration_status": "",
            "acl": null,
            "arn": "arn:aws:s3:::s3-buk-test-12345",
            "bucket": "s3-buk-test-12345",
            "bucket_domain_name": "s3-buk-test-12345.s3.amazonaws.com",
            "bucket_prefix": "",
            "bucket_regional_domain_name": "s3-buk-test-12345.s3.eu-central-1.amazonaws.com",
            "cors_rule": [],
            "force_destroy": false,
            "grant": [
              {
                "id": "554a6fcd425c2ab06959aff7851860635eeaf0691870c9803a23684fbdeb6a6d",
                "permissions": [
                  "FULL_CONTROL"
                ],
                "type": "CanonicalUser",
                "uri": ""
              }
            ],
            "hosted_zone_id": "Z21DNDUVLTQW6Q",
            "id": "s3-buk-test-12345",
            "lifecycle_rule": [],
            "logging": [],
            "object_lock_configuration": [],
            "object_lock_enabled": false,
            "policy": "",
            "region": "eu-central-1",
            "replication_configuration": [],
            "request_payer": "BucketOwner",
            "server_side_encryption_configuration": [
              {
                "rule": [
                  {
                    "apply_server_side_encryption_by_default": [
                      {
                        "kms_master_key_id": "",
                        "sse_algorithm": "AES256"
                      }
                    ],
                    "bucket_key_enabled": false
                  }
                ]
              }
            ],
            "tags": {
              "Environment": "Dev",
              "ManagedBy": "Terraform",
              "Name": "My test bucket"
            },
            "tags_all": {
              "Environment": "Dev",
              "ManagedBy": "Terraform",
              "Name": "My test bucket"
            },
            "timeouts": null,
            "versioning": [
              {
                "enabled": false,
                "mfa_delete": false
              }
            ],
            "website": [],
            "website_domain": null,
            "website_endpoint": null
          },
          "sensitive_attributes": [],
          "identity_schema_version": 0,
          "private": "eyJlMmJmYjczMC1lY2FhLTExZTYtOGY4OC0zNDM2M2JjN2M0YzAiOnsiY3JlYXRlIjoxMjAwMDAwMDAwMDAwLCJkZWxldGUiOjM2MDAwMDAwMDAwMDAsInJlYWQiOjEyMDAwMDAwMDAwMDAsInVwZGF0ZSI6MTIwMDAwMDAwMDAwMH19"
        }
      ]
    },
    {
      "mode": "managed",
      "type": "aws_security_group",
      "name": "allow_traffic",
      "provider": "provider[\"registry.terraform.io/hashicorp/aws\"]",
      "instances": [
        {
          "schema_version": 1,
          "attributes": {
            "arn": "arn:aws:ec2:eu-central-1:533267032404:security-group/sg-058b1277c462d9e74",
            "description": "Allow SSH and WireGuard inbound traffic",
            "egress": [
              {
                "cidr_blocks": [
                  "0.0.0.0/0"
                ],
                "description": "",
                "from_port": 0,
                "ipv6_cidr_blocks": [],
                "prefix_list_ids": [],
                "protocol": "-1",
                "security_groups": [],
                "self": false,
                "to_port": 0
              }
            ],
            "id": "sg-058b1277c462d9e74",
            "ingress": [
              {
                "cidr_blocks": [
                  "0.0.0.0/0"
                ],
                "description": "SSH from anywhere",
                "from_port": 22,
                "ipv6_cidr_blocks": [],
                "prefix_list_ids": [],
                "protocol": "tcp",
                "security_groups": [],
                "self": false,
                "to_port": 22
              },
              {
                "cidr_blocks": [
                  "0.0.0.0/0"
                ],
                "description": "WireGuard from anywhere",
                "from_port": 51820,
                "ipv6_cidr_blocks": [],
                "prefix_list_ids": [],
                "protocol": "udp",
                "security_groups": [],
                "self": false,
                "to_port": 51820
              }
            ],
            "name": "allow_ssh_wireguard",
            "name_prefix": "",
            "owner_id": "533267032404",
            "revoke_rules_on_delete": false,
            "tags": {
              "Name": "allow_ssh_wireguard"
            },
            "tags_all": {
              "Name": "allow_ssh_wireguard"
            },
            "timeouts": null,
            "vpc_id": "vpc-068a3a570188cf3ff"
          },
          "sensitive_attributes": [],
          "identity_schema_version": 0,
          "private": "eyJlMmJmYjczMC1lY2FhLTExZTYtOGY4OC0zNDM2M2JjN2M0YzAiOnsiY3JlYXRlIjo2MDAwMDAwMDAwMDAsImRlbGV0ZSI6OTAwMDAwMDAwMDAwfSwic2NoZW1hX3ZlcnNpb24iOiIxIn0=",
          "dependencies": [
            "aws_vpc.main"
          ]
        }
      ]
    },
    {
      "mode": "managed",
      "type": "aws_subnet",
      "name": "public",
      "provider": "provider[\"registry.terraform.io/hashicorp/aws\"]",
      "instances": [
        {
          "schema_version": 1,
          "attributes": {
            "arn": "arn:aws:ec2:eu-central-1:533267032404:subnet/subnet-0cdd8833951fb30af",
            "assign_ipv6_address_on_creation": false,
            "availability_zone": "eu-central-1c",
            "availability_zone_id": "euc1-az1",
            "cidr_block": "10.0.1.0/24",
            "customer_owned_ipv4_pool": "",
            "enable_dns64": false,
            "enable_lni_at_device_index": 0,
            "enable_resource_name_dns_a_record_on_launch": false,
            "enable_resource_name_dns_aaaa_record_on_launch": false,
            "id": "subnet-0cdd8833951fb30af",
            "ipv6_cidr_block": "",
            "ipv6_cidr_block_association_id": "",
            "ipv6_native": false,
            "map_customer_owned_ip_on_launch": false,
            "map_public_ip_on_launch": true,
            "outpost_arn": "",
            "owner_id": "533267032404",
            "private_dns_hostname_type_on_launch": "ip-name",
            "tags": {
              "Name": "public-subnet"
            },
            "tags_all": {
              "Name": "public-subnet"
            },
            "timeouts": null,
            "vpc_id": "vpc-068a3a570188cf3ff"
          },
          "sensitive_attributes": [],
          "identity_schema_version": 0,
          "private": "eyJlMmJmYjczMC1lY2FhLTExZTYtOGY4OC0zNDM2M2JjN2M0YzAiOnsiY3JlYXRlIjo2MDAwMDAwMDAwMDAsImRlbGV0ZSI6MTIwMDAwMDAwMDAwMH0sInNjaGVtYV92ZXJzaW9uIjoiMSJ9",
          "dependencies": [
            "aws_vpc.main"
          ]
        }
      ]
    },
    {
      "mode": "managed",
      "type": "aws_vpc",
      "name": "main",
      "provider": "provider[\"registry.terraform.io/hashicorp/aws\"]",
      "instances": [
        {
          "schema_version": 1,
          "attributes": {
            "arn": "arn:aws:ec2:eu-central-1:533267032404:vpc/vpc-068a3a570188cf3ff",
            "assign_generated_ipv6_cidr_block": false,
            "cidr_block": "10.0.0.0/16",
            "default_network_acl_id": "acl-0fd900bea2cc089b3",
            "default_route_table_id": "rtb-0abae89802f3ff768",
            "default_security_group_id": "sg-0e7c25056eaf5525e",
            "dhcp_options_id": "dopt-0b535a1b465bba2e1",
            "enable_dns_hostnames": false,
            "enable_dns_support": true,
            "enable_network_address_usage_metrics": false,
            "id": "vpc-068a3a570188cf3ff",
            "instance_tenancy": "default",
            "ipv4_ipam_pool_id": null,
            "ipv4_netmask_length": null,
            "ipv6_association_id": "",
            "ipv6_cidr_block": "",
            "ipv6_cidr_block_network_border_group": "",
            "ipv6_ipam_pool_id": "",
            "ipv6_netmask_length": 0,
            "main_route_table_id": "rtb-0abae89802f3ff768",
            "owner_id": "533267032404",
            "tags": {
              "Name": "main-vpc"
            },
            "tags_all": {
              "Name": "main-vpc"
            }
          },
          "sensitive_attributes": [],
          "identity_schema_version": 0,
          "private": "eyJzY2hlbWFfdmVyc2lvbiI6IjEifQ=="
        }
      ]
    },
    {
      "mode": "managed",
      "type": "local_file",
      "name": "private_key_pem",
      "provider": "provider[\"registry.terraform.io/hashicorp/local\"]",
      "instances": [
        {
          "schema_version": 0,
          "attributes": {
            "content": "-----BEGIN RSA PRIVATE KEY-----\nMIIEowIBAAKCAQEAryLktaPZGE8wHoyJ6dVUyWjIR/dt0UoI+ci+TcUKYDASu2M4\nKG49207GIxQo3jdCbPSguHkaj2kqTd3i45zW9C1Yke1hZaVBF8p8KQac3AzkAtgU\nsP0o4awQqkkE7sall1vrJnsYmR2gNWHpp74PI7/v9Xt9giUwKpIrhRc6j1n/B/Wc\n4YQrP49D0nNrLJX8hR2yu9n1RogbjbHijNcEQMsirhC8FNOLeJYuUlJi6mMNiCaQ\nIjwWPTKwGPrjSim4f4ZWWEiS4Y9cwDY7LeTbYZuVYrov8QJ/RPaRsXNeQBExiEGH\n/BVVHxIVzJCj61tM1lYN+JNtCARVEP4JwaSRLQIDAQABAoIBACaCnvVk67AJe5yA\nDTRefTgTgxS2Ds8KP0qDjnsF1If9kiTjxp23TgE7A10Dyg/A6WmRagTeVk2KE6wP\nGhywKGEFVpgx8Sx7Z8KOOvp/cn79k6afcn9Pj419+yUijMPfaNqNMvohb7F9fvS2\nDL2ekHAtPJvHVXwIZty5ivnHN5B9HUUgi5ZTa5ufmQ8q6o/2RwfognBxXMOKf/Gr\naNNHxvnEkcWggXOOv08+pc1ZgJ9yEJXjONV/eAUFccPZwoL3W9fq1WkhFLID7bFF\nXXKnMbXVPy3nDVdDqyN5KGPcylfOc7UFJ/8Fs3v4V+UkWCw9QS/tBiHxdJHDoyax\nNAkMhrkCgYEA6UbWEHlyFldaL3Co1bR21eNNCv2E3vb/mKSDpD3Uhsc768wAJJwX\nio7hMN/tO2u244dagJ5FXOQDMR3ZKX5zvk8nkmrATgMhKVZ/6lIC8w7hd5PZ22Ng\nGx7AXoxKfVCKZmekejfkgX8IQ2qsoGBercRj/PoSBgzEk672rkMSE+kCgYEAwDI5\nbFE1Iv010Wsa1d4labv32LLq8edtsjORVX4Ng04kZCXjpWS4GQT+ef+VBE3iJTvz\nsZl2W3jTJGBwGc8Wogp79JuUjmmJql+5GdrvGHyZR0yGaS5eFXxHrHICnVuS723/\nhtHKV9I552OhvNs+ZVLF/vtFUWlSvQCntrFmXKUCgYAR2N+Lxx7ZYrl9o6rnHrVw\ny8EbNCY0QMVxUjTYHfrijN+ivKrOIjsS2LeV26v0vdryMWrVKEa6Qp+T5Gq25/vG\n9ZtbcltgHJEu7nU+4iNjoSHS2jbyt/mkWYfyM92HFOBh0VAeIaST27owHjsy0eys\ncrgLpL44REXN3rb0wiDh8QKBgEGRYNG5Kp2TMMcO+Qq5TJ4zyCwfbdO1FlFTEmPO\nKyH+iJ+55V3JbJzsfTx1mwrq3xnAyDRwnFY8dBvW4qeLZLdHSF58rUOgcZy0J1vQ\nuvzplQkj7D752JMP4QvNoWK5mPkh16jQ7WzkhWiRLt5VFYZPpMiGRHGvstBT5uOG\nxdsZAoGBAJBQpEHDrWmxzgSmOU1PBBemhDbiVvPRJZEGqan3aovqqE6Il0r8aWOu\nAHdOiS3C8OeBBbrEH7ffQIWeyy3/6cgPs1MzmfszY9R8fRW578z42AOSrVuLtTX1\nneXVlnT1B8Ffkl7DmJzOffCHLgxV1OgMnvH4b4AaaVIz1/aYXNw5\n-----END RSA PRIVATE KEY-----\n",
            "content_base64": null,
            "content_base64sha256": "g7CBPETRg0TvOYMFRObEH8YmlV089WuFBNnBkTlsIjQ=",
            "content_base64sha512": "mOwwEzQe0TJJ2r90aAmDQMyFQqPN0DqGRY+9oMhUS8N3fduM+MQ3VRAbGMxsCUULwDXGkCtbD0NloMtNK2e1AA==",
            "content_md5": "a2ccd17cce5481820e5a1ed00f654141",
            "content_sha1": "a1d81f5404e8b0a649bfdd4d426f0997b864483b",
            "content_sha256": "83b0813c44d18344ef39830544e6c41fc626955d3cf56b8504d9c191396c2234",
            "content_sha512": "98ec3013341ed13249dabf7468098340cc8542a3cdd03a86458fbda0c8544bc3777ddb8cf8c43755101b18cc6c09450bc035c6902b5b0f4365a0cb4d2b67b500",
            "directory_permission": "0777",
            "file_permission": "0400",
            "filename": "my-key.pem",
            "id": "a1d81f5404e8b0a649bfdd4d426f0997b864483b",
            "sensitive_content": null,
            "source": null
          },
          "sensitive_attributes": [
            [
              {
                "type": "get_attr",
                "value": "content"
              }
            ],
            [
              {
                "type": "get_attr",
                "value": "sensitive_content"
              }
            ]
          ],
          "identity_schema_version": 0,
          "dependencies": [
            "tls_private_key.my_key"
          ]
        }
      ]
    },
    {
      "mode": "managed",
      "type": "tls_private_key",
      "name": "my_key",
      "provider": "provider[\"registry.terraform.io/hashicorp/tls\"]",
      "instances": [
        {
          "schema_version": 1,
          "attributes": {
            "algorithm": "RSA",
            "ecdsa_curve": "P224",
            "id": "239da95682de62bee6df5e4eb1139b776baaa3cc",
            "private_key_openssh": "-----BEGIN OPENSSH PRIVATE KEY-----\nb3BlbnNzaC1rZXktdjEAAAAABG5vbmUAAAAEbm9uZQAAAAAAAAABAAABFwAAAAdz\nc2gtcnNhAAAAAwEAAQAAAQEAryLktaPZGE8wHoyJ6dVUyWjIR/dt0UoI+ci+TcUK\nYDASu2M4KG49207GIxQo3jdCbPSguHkaj2kqTd3i45zW9C1Yke1hZaVBF8p8KQac\n3AzkAtgUsP0o4awQqkkE7sall1vrJnsYmR2gNWHpp74PI7/v9Xt9giUwKpIrhRc6\nj1n/B/Wc4YQrP49D0nNrLJX8hR2yu9n1RogbjbHijNcEQMsirhC8FNOLeJYuUlJi\n6mMNiCaQIjwWPTKwGPrjSim4f4ZWWEiS4Y9cwDY7LeTbYZuVYrov8QJ/RPaRsXNe\nQBExiEGH/BVVHxIVzJCj61tM1lYN+JNtCARVEP4JwaSRLQAAA7jR3MTn0dzE5wAA\nAAdzc2gtcnNhAAABAQCvIuS1o9kYTzAejInp1VTJaMhH923RSgj5yL5NxQpgMBK7\nYzgobj3bTsYjFCjeN0Js9KC4eRqPaSpN3eLjnNb0LViR7WFlpUEXynwpBpzcDOQC\n2BSw/SjhrBCqSQTuxqWXW+smexiZHaA1Yemnvg8jv+/1e32CJTAqkiuFFzqPWf8H\n9ZzhhCs/j0PSc2sslfyFHbK72fVGiBuNseKM1wRAyyKuELwU04t4li5SUmLqYw2I\nJpAiPBY9MrAY+uNKKbh/hlZYSJLhj1zANjst5Nthm5Viui/xAn9E9pGxc15AETGI\nQYf8FVUfEhXMkKPrW0zWVg34k20IBFUQ/gnBpJEtAAAAAwEAAQAAAQAmgp71ZOuw\nCXucgA00Xn04E4MUtg7PCj9Kg457BdSH/ZIk48adt04BOwNdA8oPwOlpkWoE3lZN\nihOsDxocsChhBVaYMfEse2fCjjr6f3J+/ZOmn3J/T4+NffslIozD32jajTL6IW+x\nfX70tgy9npBwLTybx1V8CGbcuYr5xzeQfR1FIIuWU2ubn5kPKuqP9kcH6IJwcVzD\nin/xq2jTR8b5xJHFoIFzjr9PPqXNWYCfchCV4zjVf3gFBXHD2cKC91vX6tVpIRSy\nA+2xRV1ypzG11T8t5w1XQ6sjeShj3MpXznO1BSf/BbN7+FflJFgsPUEv7QYh8XSR\nw6MmsTQJDIa5AAAAgQCQUKRBw61psc4EpjlNTwQXpoQ24lbz0SWRBqmp92qL6qhO\niJdK/GljrgB3ToktwvDngQW6xB+330CFnsst/+nID7NTM5n7M2PUfH0Vue/M+NgD\nkq1bi7U19Z3l1ZZ09QfBX5Jew5iczn3why4MVdToDJ7x+G+AGmlSM9f2mFzcOQAA\nAIEA6UbWEHlyFldaL3Co1bR21eNNCv2E3vb/mKSDpD3Uhsc768wAJJwXio7hMN/t\nO2u244dagJ5FXOQDMR3ZKX5zvk8nkmrATgMhKVZ/6lIC8w7hd5PZ22NgGx7AXoxK\nfVCKZmekejfkgX8IQ2qsoGBercRj/PoSBgzEk672rkMSE+kAAACBAMAyOWxRNSL9\nNdFrGtXeJWm799iy6vHnbbIzkVV+DYNOJGQl46VkuBkE/nn/lQRN4iU787GZdlt4\n0yRgcBnPFqIKe/SblI5piapfuRna7xh8mUdMhmkuXhV8R6xyAp1bku9t/4bRylfS\nOedjobzbPmVSxf77RVFpUr0Ap7axZlylAAAAAAEC\n-----END OPENSSH PRIVATE KEY-----\n",
            "private_key_pem": "-----BEGIN RSA PRIVATE KEY-----\nMIIEowIBAAKCAQEAryLktaPZGE8wHoyJ6dVUyWjIR/dt0UoI+ci+TcUKYDASu2M4\nKG49207GIxQo3jdCbPSguHkaj2kqTd3i45zW9C1Yke1hZaVBF8p8KQac3AzkAtgU\nsP0o4awQqkkE7sall1vrJnsYmR2gNWHpp74PI7/v9Xt9giUwKpIrhRc6j1n/B/Wc\n4YQrP49D0nNrLJX8hR2yu9n1RogbjbHijNcEQMsirhC8FNOLeJYuUlJi6mMNiCaQ\nIjwWPTKwGPrjSim4f4ZWWEiS4Y9cwDY7LeTbYZuVYrov8QJ/RPaRsXNeQBExiEGH\n/BVVHxIVzJCj61tM1lYN+JNtCARVEP4JwaSRLQIDAQABAoIBACaCnvVk67AJe5yA\nDTRefTgTgxS2Ds8KP0qDjnsF1If9kiTjxp23TgE7A10Dyg/A6WmRagTeVk2KE6wP\nGhywKGEFVpgx8Sx7Z8KOOvp/cn79k6afcn9Pj419+yUijMPfaNqNMvohb7F9fvS2\nDL2ekHAtPJvHVXwIZty5ivnHN5B9HUUgi5ZTa5ufmQ8q6o/2RwfognBxXMOKf/Gr\naNNHxvnEkcWggXOOv08+pc1ZgJ9yEJXjONV/eAUFccPZwoL3W9fq1WkhFLID7bFF\nXXKnMbXVPy3nDVdDqyN5KGPcylfOc7UFJ/8Fs3v4V+UkWCw9QS/tBiHxdJHDoyax\nNAkMhrkCgYEA6UbWEHlyFldaL3Co1bR21eNNCv2E3vb/mKSDpD3Uhsc768wAJJwX\nio7hMN/tO2u244dagJ5FXOQDMR3ZKX5zvk8nkmrATgMhKVZ/6lIC8w7hd5PZ22Ng\nGx7AXoxKfVCKZmekejfkgX8IQ2qsoGBercRj/PoSBgzEk672rkMSE+kCgYEAwDI5\nbFE1Iv010Wsa1d4labv32LLq8edtsjORVX4Ng04kZCXjpWS4GQT+ef+VBE3iJTvz\nsZl2W3jTJGBwGc8Wogp79JuUjmmJql+5GdrvGHyZR0yGaS5eFXxHrHICnVuS723/\nhtHKV9I552OhvNs+ZVLF/vtFUWlSvQCntrFmXKUCgYAR2N+Lxx7ZYrl9o6rnHrVw\ny8EbNCY0QMVxUjTYHfrijN+ivKrOIjsS2LeV26v0vdryMWrVKEa6Qp+T5Gq25/vG\n9ZtbcltgHJEu7nU+4iNjoSHS2jbyt/mkWYfyM92HFOBh0VAeIaST27owHjsy0eys\ncrgLpL44REXN3rb0wiDh8QKBgEGRYNG5Kp2TMMcO+Qq5TJ4zyCwfbdO1FlFTEmPO\nKyH+iJ+55V3JbJzsfTx1mwrq3xnAyDRwnFY8dBvW4qeLZLdHSF58rUOgcZy0J1vQ\nuvzplQkj7D752JMP4QvNoWK5mPkh16jQ7WzkhWiRLt5VFYZPpMiGRHGvstBT5uOG\nxdsZAoGBAJBQpEHDrWmxzgSmOU1PBBemhDbiVvPRJZEGqan3aovqqE6Il0r8aWOu\nAHdOiS3C8OeBBbrEH7ffQIWeyy3/6cgPs1MzmfszY9R8fRW578z42AOSrVuLtTX1\nneXVlnT1B8Ffkl7DmJzOffCHLgxV1OgMnvH4b4AaaVIz1/aYXNw5\n-----END RSA PRIVATE KEY-----\n",
            "private_key_pem_pkcs8": "-----BEGIN PRIVATE KEY-----\nMIIEvQIBADANBgkqhkiG9w0BAQEFAASCBKcwggSjAgEAAoIBAQCvIuS1o9kYTzAe\njInp1VTJaMhH923RSgj5yL5NxQpgMBK7Yzgobj3bTsYjFCjeN0Js9KC4eRqPaSpN\n3eLjnNb0LViR7WFlpUEXynwpBpzcDOQC2BSw/SjhrBCqSQTuxqWXW+smexiZHaA1\nYemnvg8jv+/1e32CJTAqkiuFFzqPWf8H9ZzhhCs/j0PSc2sslfyFHbK72fVGiBuN\nseKM1wRAyyKuELwU04t4li5SUmLqYw2IJpAiPBY9MrAY+uNKKbh/hlZYSJLhj1zA\nNjst5Nthm5Viui/xAn9E9pGxc15AETGIQYf8FVUfEhXMkKPrW0zWVg34k20IBFUQ\n/gnBpJEtAgMBAAECggEAJoKe9WTrsAl7nIANNF59OBODFLYOzwo/SoOOewXUh/2S\nJOPGnbdOATsDXQPKD8DpaZFqBN5WTYoTrA8aHLAoYQVWmDHxLHtnwo46+n9yfv2T\npp9yf0+PjX37JSKMw99o2o0y+iFvsX1+9LYMvZ6QcC08m8dVfAhm3LmK+cc3kH0d\nRSCLllNrm5+ZDyrqj/ZHB+iCcHFcw4p/8ato00fG+cSRxaCBc46/Tz6lzVmAn3IQ\nleM41X94BQVxw9nCgvdb1+rVaSEUsgPtsUVdcqcxtdU/LecNV0OrI3koY9zKV85z\ntQUn/wWze/hX5SRYLD1BL+0GIfF0kcOjJrE0CQyGuQKBgQDpRtYQeXIWV1ovcKjV\ntHbV400K/YTe9v+YpIOkPdSGxzvrzAAknBeKjuEw3+07a7bjh1qAnkVc5AMxHdkp\nfnO+TyeSasBOAyEpVn/qUgLzDuF3k9nbY2AbHsBejEp9UIpmZ6R6N+SBfwhDaqyg\nYF6txGP8+hIGDMSTrvauQxIT6QKBgQDAMjlsUTUi/TXRaxrV3iVpu/fYsurx522y\nM5FVfg2DTiRkJeOlZLgZBP55/5UETeIlO/OxmXZbeNMkYHAZzxaiCnv0m5SOaYmq\nX7kZ2u8YfJlHTIZpLl4VfEescgKdW5Lvbf+G0cpX0jnnY6G82z5lUsX++0VRaVK9\nAKe2sWZcpQKBgBHY34vHHtliuX2jqucetXDLwRs0JjRAxXFSNNgd+uKM36K8qs4i\nOxLYt5Xbq/S92vIxatUoRrpCn5Pkarbn+8b1m1tyW2AckS7udT7iI2OhIdLaNvK3\n+aRZh/Iz3YcU4GHRUB4hpJPbujAeOzLR7KxyuAukvjhERc3etvTCIOHxAoGAQZFg\n0bkqnZMwxw75CrlMnjPILB9t07UWUVMSY84rIf6In7nlXclsnOx9PHWbCurfGcDI\nNHCcVjx0G9bip4tkt0dIXnytQ6BxnLQnW9C6/OmVCSPsPvnYkw/hC82hYrmY+SHX\nqNDtbOSFaJEu3lUVhk+kyIZEca+y0FPm44bF2xkCgYEAkFCkQcOtabHOBKY5TU8E\nF6aENuJW89ElkQapqfdqi+qoToiXSvxpY64Ad06JLcLw54EFusQft99AhZ7LLf/p\nyA+zUzOZ+zNj1Hx9FbnvzPjYA5KtW4u1NfWd5dWWdPUHwV+SXsOYnM598IcuDFXU\n6Aye8fhvgBppUjPX9phc3Dk=\n-----END PRIVATE KEY-----\n",
            "public_key_fingerprint_md5": "9c:ba:33:5c:5a:3b:c9:76:3e:ba:a1:b6:85:18:39:7c",
            "public_key_fingerprint_sha256": "SHA256:3vYUP6yxZLia/xo2e7Rj3JNl9V35hu2OyLWxnPSFkmQ",
            "public_key_openssh": "ssh-rsa AAAAB3NzaC1yc2EAAAADAQABAAABAQCvIuS1o9kYTzAejInp1VTJaMhH923RSgj5yL5NxQpgMBK7Yzgobj3bTsYjFCjeN0Js9KC4eRqPaSpN3eLjnNb0LViR7WFlpUEXynwpBpzcDOQC2BSw/SjhrBCqSQTuxqWXW+smexiZHaA1Yemnvg8jv+/1e32CJTAqkiuFFzqPWf8H9ZzhhCs/j0PSc2sslfyFHbK72fVGiBuNseKM1wRAyyKuELwU04t4li5SUmLqYw2IJpAiPBY9MrAY+uNKKbh/hlZYSJLhj1zANjst5Nthm5Viui/xAn9E9pGxc15AETGIQYf8FVUfEhXMkKPrW0zWVg34k20IBFUQ/gnBpJEt\n",
            "public_key_pem": "-----BEGIN PUBLIC KEY-----\nMIIBIjANBgkqhkiG9w0BAQEFAAOCAQ8AMIIBCgKCAQEAryLktaPZGE8wHoyJ6dVU\nyWjIR/dt0UoI+ci+TcUKYDASu2M4KG49207GIxQo3jdCbPSguHkaj2kqTd3i45zW\n9C1Yke1hZaVBF8p8KQac3AzkAtgUsP0o4awQqkkE7sall1vrJnsYmR2gNWHpp74P\nI7/v9Xt9giUwKpIrhRc6j1n/B/Wc4YQrP49D0nNrLJX8hR2yu9n1RogbjbHijNcE\nQMsirhC8FNOLeJYuUlJi6mMNiCaQIjwWPTKwGPrjSim4f4ZWWEiS4Y9cwDY7LeTb\nYZuVYrov8QJ/RPaRsXNeQBExiEGH/BVVHxIVzJCj61tM1lYN+JNtCARVEP4JwaSR\nLQIDAQAB\n-----END PUBLIC KEY-----\n",
            "rsa_bits": 2048
          },
          "sensitive_attributes": [
            [
              {
                "type": "get_attr",
                "value": "private_key_openssh"
              }
            ],
            [
              {
                "type": "get_attr",
                "value": "private_key_pem"
              }
            ],
            [
              {
                "type": "get_attr",
                "value": "private_key_pem_pkcs8"
              }
            ]
          ],
          "identity_schema_version": 0
        }
      ]
    }
  ],
  "check_results": null
}
